Microsoft Visual Studio Solution File, Format Version 12.00
# Visual Studio Version 17
VisualStudioVersion = 17.0.31903.59
MinimumVisualStudioVersion = 10.0.40219.1
Project("{74BB322F-721C-4090-853D-B48341BE858D}") = "Project_5830ce226f1440169f2c81a075df5456_20250619080305891063", "Project_5830ce226f1440169f2c81a075df5456_20250619080305891063.csproj", "{74BB322F-721C-4090-853D-B48341BE858D}"
EndProject
Global
    GlobalSection(SolutionConfigurationPlatforms) = preSolution
        Debug|Any CPU = Debug|Any CPU
        Release|Any CPU = Release|Any CPU
    EndGlobalSection
    GlobalSection(ProjectConfigurationPlatforms) = postSolution
        {74BB322F-721C-4090-853D-B48341BE858D}.Debug|Any CPU.ActiveCfg = Debug|Any CPU
        {74BB322F-721C-4090-853D-B48341BE858D}.Debug|Any CPU.Build.0 = Debug|Any CPU
        {74BB322F-721C-4090-853D-B48341BE858D}.Release|Any CPU.ActiveCfg = Release|Any CPU
        {74BB322F-721C-4090-853D-B48341BE858D}.Release|Any CPU.Build.0 = Release|Any CPU
    EndGlobalSection
EndGlobal